lockfileVersion: '6.0'

settings:
  autoInstallPeers: true
  excludeLinksFromLockfile: false

dependencies:
  '@vercel/edge':
    specifier: ^1.1.1
    version: 1.1.1

packages:

  /@vercel/edge@1.1.1:
    resolution: {integrity: sha512-NtKiIbn9Cq6HWGy+qRudz28mz5nxfOJWls5Pnckjw1yCfSX8rhXdvY/il3Sy3Zd5n/sKCM2h7VSCCpJF/oaDrQ==}
    dev: false
