lockfileVersion: '6.0'

settings:
  autoInstallPeers: true
  excludeLinksFromLockfile: false

dependencies:
  '@vercel/edge':
    specifier: ^1.1.1
    version: 1.1.1
  uglify-js:
    specifier: ^3.17.4
    version: 3.17.4

packages:

  /@vercel/edge@1.1.1:
    resolution: {integrity: sha512-NtKiIbn9Cq6HWGy+qRudz28mz5nxfOJWls5Pnckjw1yCfSX8rhXdvY/il3Sy3Zd5n/sKCM2h7VSCCpJF/oaDrQ==}
    dev: false

  /uglify-js@3.17.4:
    resolution: {integrity: sha512-T9q82TJI9e/C1TAxYvfb16xO120tMVFZrGA3f9/P4424DNu6ypK103y0GPFVa17yotwSyZW5iYXgjYHkGrJW/g==}
    engines: {node: '>=0.8.0'}
    hasBin: true
    dev: false
